
Microsoft Visual Studio Solution File, Format Version 12.00
# Visual Studio Version 17
VisualStudioVersion = 17.3.32901.215
MinimumVisualStudioVersion = 10.0.40219.1
Project("{FAE04EC0-301F-11D3-BF4B-00C04F79EFBC}") = "dashboard", "dashboard\dashboard.csproj", "{C718E0FB-47DD-4941-A346-AC2E13373EF6}"
EndProject
Global
	GlobalSection(SolutionConfigurationPlatforms) = preSolution
		Debug|Any CPU = Debug|Any CPU
		Release|Any CPU = Release|Any CPU
	EndGlobalSection
	GlobalSection(ProjectConfigurationPlatforms) = postSolution
		{C718E0FB-47DD-4941-A346-AC2E13373EF6}.Debug|Any CPU.ActiveCfg = Debug|Any CPU
		{C718E0FB-47DD-4941-A346-AC2E13373EF6}.Debug|Any CPU.Build.0 = Debug|Any CPU
		{C718E0FB-47DD-4941-A346-AC2E13373EF6}.Release|Any CPU.ActiveCfg = Release|Any CPU
		{C718E0FB-47DD-4941-A346-AC2E13373EF6}.Release|Any CPU.Build.0 = Release|Any CPU
	EndGlobalSection
	GlobalSection(SolutionProperties) = preSolution
		HideSolutionNode = FALSE
	EndGlobalSection
	GlobalSection(ExtensibilityGlobals) = postSolution
		SolutionGuid = {852546EF-4A45-46F9-9F64-667D7F3FD6D3}
	EndGlobalSection
EndGlobal
